
Microsoft Visual Studio Solution File, Format Version 12.00
# Visual Studio Version 16
VisualStudioVersion = 16.0.30413.136
MinimumVisualStudioVersion = 10.0.40219.1
Project("{FAE04EC0-301F-11D3-BF4B-00C04F79EFBC}") = "Exkyn.Core", "Exkyn.Core\Exkyn.Core.csproj", "{F530C2FF-D824-416C-B87B-4AE7729F0213}"
EndProject
Global
	GlobalSection(SolutionConfigurationPlatforms) = preSolution
		Debug|Any CPU = Debug|Any CPU
		Release|Any CPU = Release|Any CPU
	EndGlobalSection
	GlobalSection(ProjectConfigurationPlatforms) = postSolution
		{F530C2FF-D824-416C-B87B-4AE7729F0213}.Debug|Any CPU.ActiveCfg = Debug|Any CPU
		{F530C2FF-D824-416C-B87B-4AE7729F0213}.Debug|Any CPU.Build.0 = Debug|Any CPU
		{F530C2FF-D824-416C-B87B-4AE7729F0213}.Release|Any CPU.ActiveCfg = Release|Any CPU
		{F530C2FF-D824-416C-B87B-4AE7729F0213}.Release|Any CPU.Build.0 = Release|Any CPU
	EndGlobalSection
	GlobalSection(SolutionProperties) = preSolution
		HideSolutionNode = FALSE
	EndGlobalSection
	GlobalSection(ExtensibilityGlobals) = postSolution
		SolutionGuid = {6C79B8F7-D903-4A48-8AC4-B10E10B2CBAD}
	EndGlobalSection
EndGlobal
